<Solution>
  <Project Path="Unity.Timeline.csproj" />
  <Project Path="Unity.Timeline.Editor.csproj" />
  <Project Path="Unity.PlasticSCM.Editor.csproj" />
  <Project Path="Unity.ShaderGraph.Editor.csproj" />
  <Project Path="Unity.RenderPipelines.Universal.Editor.csproj" />
  <Project Path="Unity.TextMeshPro.Editor.csproj" />
  <Project Path="Unity.InputSystem.csproj" />
  <Project Path="Unity.RenderPipelines.Universal.Runtime.csproj" />
  <Project Path="UnityEditor.UI.csproj" />
  <Project Path="Unity.Animation.Rigging.Editor.csproj" />
  <Project Path="Assembly-CSharp.csproj" />
  <Project Path="Unity.RenderPipelines.Core.Runtime.csproj" />
  <Project Path="Unity.RenderPipelines.Core.Editor.csproj" />
  <Project Path="Unity.Mathematics.csproj" />
  <Project Path="Cinemachine.csproj" />
  <Project Path="UnityGLTFScripts.csproj" />
  <Project Path="UnityEditor.TestRunner.csproj" />
  <Project Path="UnityGLTF.Interactivity.Runtime.csproj" />
  <Project Path="UnityEngine.TestRunner.csproj" />
  <Project Path="Unity.Searcher.Editor.csproj" />
  <Project Path="Unity.Burst.csproj" />
  <Project Path="Unity.Animation.Rigging.csproj" />
  <Project Path="UnityEngine.UI.csproj" />
  <Project Path="GLTFSerialization.csproj" />
  <Project Path="Unity.VisualStudio.Editor.csproj" />
  <Project Path="com.unity.cinemachine.editor.csproj" />
  <Project Path="UnityGLTFEditor.csproj" />
  <Project Path="PPv2URPConverters.csproj" />
  <Project Path="Unity.TestTools.CodeCoverage.Editor.OpenCover.Model.csproj" />
  <Project Path="Unity.Rider.Editor.csproj" />
  <Project Path="Unity.Postprocessing.Runtime.csproj" />
  <Project Path="UnityGLTF.Plugins.csproj" />
  <Project Path="Unity.CollabProxy.Editor.csproj" />
  <Project Path="Unity.TestTools.CodeCoverage.Editor.csproj" />
  <Project Path="Unity.Burst.CodeGen.csproj" />
  <Project Path="Unity.RenderPipeline.Universal.ShaderLibrary.csproj" />
  <Project Path="Unity.Postprocessing.Editor.csproj" />
  <Project Path="Unity.TextMeshPro.csproj" />
  <Project Path="UnityGLTF.Helpers.csproj" />
  <Project Path="Unity.Performance.Profile-Analyzer.Editor.csproj" />
  <Project Path="Assembly-CSharp-Editor.csproj" />
  <Project Path="Assembly-CSharp-firstpass.csproj" />
  <Project Path="Unity.VSCode.Editor.csproj" />
  <Project Path="Unity.Animation.Rigging.DocCodeExamples.csproj" />
  <Project Path="Unity.Burst.Editor.csproj" />
  <Project Path="Unity.TestTools.CodeCoverage.Editor.OpenCover.Mono.Reflection.csproj" />
  <Project Path="Unity.2D.Sprite.Editor.csproj" />
  <Project Path="Unity.Settings.Editor.csproj" />
  <Project Path="Unity.ShaderGraph.Utilities.csproj" />
  <Project Path="UnityGltf.RenderPipelines.csproj" />
  <Project Path="Unity.InputSystem.ForUI.csproj" />
  <Project Path="UnityGLTF.ShaderGraph.csproj" />
  <Project Path="Unity.EditorCoroutines.Editor.csproj" />
  <Project Path="Unity.Mathematics.Editor.csproj" />
  <Project Path="Unity.InputSystem.TestFramework.csproj" />
  <Project Path="UnityGLTF.Interactivity.VisualScripting.ExportPlugin.csproj" />
  <Project Path="Unity.PlasticSCM.Editor.Entities.csproj" />
  <Project Path="Unity.RenderPipelines.ShaderGraph.ShaderGraphLibrary.csproj" />
  <Project Path="Unity.RenderPipelines.Core.ShaderLibrary.csproj" />
  <Project Path="UnityGLTF.Interactivity.VisualScripting.Inspector.csproj" />
  <Project Path="Unity.RenderPipelines.Universal.Shaders.csproj" />
</Solution>
